
Microsoft Visual Studio Solution File, Format Version 12.00
# Visual Studio 15
VisualStudioVersion = 15.0.27004.2010
MinimumVisualStudioVersion = 10.0.40219.1
Project("{FAE04EC0-301F-11D3-BF4B-00C04F79EFBC}") = "ConsoleApp5", "ConsoleApp5\ConsoleApp5.csproj", "{268CD806-FBC7-4840-A316-CE2D92C63634}"
EndProject
Global
	GlobalSection(SolutionConfigurationPlatforms) = preSolution
		Debug|Any CPU = Debug|Any CPU
		Release|Any CPU = Release|Any CPU
	EndGlobalSection
	GlobalSection(ProjectConfigurationPlatforms) = postSolution
		{268CD806-FBC7-4840-A316-CE2D92C63634}.Debug|Any CPU.ActiveCfg = Debug|Any CPU
		{268CD806-FBC7-4840-A316-CE2D92C63634}.Debug|Any CPU.Build.0 = Debug|Any CPU
		{268CD806-FBC7-4840-A316-CE2D92C63634}.Release|Any CPU.ActiveCfg = Release|Any CPU
		{268CD806-FBC7-4840-A316-CE2D92C63634}.Release|Any CPU.Build.0 = Release|Any CPU
	EndGlobalSection
	GlobalSection(SolutionProperties) = preSolution
		HideSolutionNode = FALSE
	EndGlobalSection
	GlobalSection(ExtensibilityGlobals) = postSolution
		SolutionGuid = {C84B4AE1-9415-4F22-B199-86B67AD5E07D}
	EndGlobalSection
EndGlobal
